
Microsoft Visual Studio Solution File, Format Version 12.00
# Visual Studio Version 17
VisualStudioVersion = 17.6.33829.357
MinimumVisualStudioVersion = 10.0.40219.1
Project("{FAE04EC0-301F-11D3-BF4B-00C04F79EFBC}") = "01_ExercicioNegativoOuPositivo", "01_ExercicioNegativoOuPositivo\01_ExercicioNegativoOuPositivo.csproj", "{B983D878-F942-4D94-89C4-9BE0CF835B5E}"
EndProject
Global
	GlobalSection(SolutionConfigurationPlatforms) = preSolution
		Debug|Any CPU = Debug|Any CPU
		Release|Any CPU = Release|Any CPU
	EndGlobalSection
	GlobalSection(ProjectConfigurationPlatforms) = postSolution
		{B983D878-F942-4D94-89C4-9BE0CF835B5E}.Debug|Any CPU.ActiveCfg = Debug|Any CPU
		{B983D878-F942-4D94-89C4-9BE0CF835B5E}.Debug|Any CPU.Build.0 = Debug|Any CPU
		{B983D878-F942-4D94-89C4-9BE0CF835B5E}.Release|Any CPU.ActiveCfg = Release|Any CPU
		{B983D878-F942-4D94-89C4-9BE0CF835B5E}.Release|Any CPU.Build.0 = Release|Any CPU
	EndGlobalSection
	GlobalSection(SolutionProperties) = preSolution
		HideSolutionNode = FALSE
	EndGlobalSection
	GlobalSection(ExtensibilityGlobals) = postSolution
		SolutionGuid = {10E02C02-5B4D-40BB-9717-6B2845B1E118}
	EndGlobalSection
EndGlobal
